
Microsoft Visual Studio Solution File, Format Version 12.00
# Visual Studio Version 16
VisualStudioVersion = 16.0.31515.178
MinimumVisualStudioVersion = 10.0.40219.1
Project("{FAE04EC0-301F-11D3-BF4B-00C04F79EFBC}") = "Funcionario-ApiWeb.NET", "Funcionario-ApiWeb.NET.csproj", "{87492E50-EDDF-468B-A3D8-6C2E2DB0C8F9}"
EndProject
Global
	GlobalSection(SolutionConfigurationPlatforms) = preSolution
		Debug|Any CPU = Debug|Any CPU
		Release|Any CPU = Release|Any CPU
	EndGlobalSection
	GlobalSection(ProjectConfigurationPlatforms) = postSolution
		{87492E50-EDDF-468B-A3D8-6C2E2DB0C8F9}.Debug|Any CPU.ActiveCfg = Debug|Any CPU
		{87492E50-EDDF-468B-A3D8-6C2E2DB0C8F9}.Debug|Any CPU.Build.0 = Debug|Any CPU
		{87492E50-EDDF-468B-A3D8-6C2E2DB0C8F9}.Release|Any CPU.ActiveCfg = Release|Any CPU
		{87492E50-EDDF-468B-A3D8-6C2E2DB0C8F9}.Release|Any CPU.Build.0 = Release|Any CPU
	EndGlobalSection
	GlobalSection(SolutionProperties) = preSolution
		HideSolutionNode = FALSE
	EndGlobalSection
	GlobalSection(ExtensibilityGlobals) = postSolution
		SolutionGuid = {267F5342-901A-41B7-9B1F-6F38E6636D29}
	EndGlobalSection
EndGlobal
